
Microsoft Visual Studio Solution File, Format Version 12.00
# Visual Studio Version 17
VisualStudioVersion = 17.9.34714.143
MinimumVisualStudioVersion = 10.0.40219.1
Project("{FAE04EC0-301F-11D3-BF4B-00C04F79EFBC}") = "TestCreator", "TestCreator\TestCreator.csproj", "{B758AA4A-16AF-4FE3-B855-F61D63CC4D5D}"
EndProject
Global
	GlobalSection(SolutionConfigurationPlatforms) = preSolution
		Debug|Any CPU = Debug|Any CPU
		Release|Any CPU = Release|Any CPU
	EndGlobalSection
	GlobalSection(ProjectConfigurationPlatforms) = postSolution
		{B758AA4A-16AF-4FE3-B855-F61D63CC4D5D}.Debug|Any CPU.ActiveCfg = Debug|Any CPU
		{B758AA4A-16AF-4FE3-B855-F61D63CC4D5D}.Debug|Any CPU.Build.0 = Debug|Any CPU
		{B758AA4A-16AF-4FE3-B855-F61D63CC4D5D}.Release|Any CPU.ActiveCfg = Release|Any CPU
		{B758AA4A-16AF-4FE3-B855-F61D63CC4D5D}.Release|Any CPU.Build.0 = Release|Any CPU
	EndGlobalSection
	GlobalSection(SolutionProperties) = preSolution
		HideSolutionNode = FALSE
	EndGlobalSection
	GlobalSection(ExtensibilityGlobals) = postSolution
		SolutionGuid = {F5FA7775-62F1-4B9D-B48B-207172233F05}
	EndGlobalSection
EndGlobal
